
Microsoft Visual Studio Solution File, Format Version 12.00
# Visual Studio Version 16
VisualStudioVersion = 16.0.31515.178
MinimumVisualStudioVersion = 10.0.40219.1
Project("{9A19103F-16F7-4668-BE54-9A1E7A4F7556}") = "ConsoleTest", "ConsoleTest\ConsoleTest.csproj", "{AC9CE7AC-12B5-4054-A799-1D455CB6636D}"
EndProject
Project("{9A19103F-16F7-4668-BE54-9A1E7A4F7556}") = "ClassLibrary", "ClassLibrary\ClassLibrary.csproj", "{0B16CB8B-97C7-4E63-A733-605CF2C82775}"
EndProject
Global
	GlobalSection(SolutionConfigurationPlatforms) = preSolution
		Debug|Any CPU = Debug|Any CPU
		Release|Any CPU = Release|Any CPU
	EndGlobalSection
	GlobalSection(ProjectConfigurationPlatforms) = postSolution
		{AC9CE7AC-12B5-4054-A799-1D455CB6636D}.Debug|Any CPU.ActiveCfg = Debug|Any CPU
		{AC9CE7AC-12B5-4054-A799-1D455CB6636D}.Debug|Any CPU.Build.0 = Debug|Any CPU
		{AC9CE7AC-12B5-4054-A799-1D455CB6636D}.Release|Any CPU.ActiveCfg = Release|Any CPU
		{AC9CE7AC-12B5-4054-A799-1D455CB6636D}.Release|Any CPU.Build.0 = Release|Any CPU
		{0B16CB8B-97C7-4E63-A733-605CF2C82775}.Debug|Any CPU.ActiveCfg = Debug|Any CPU
		{0B16CB8B-97C7-4E63-A733-605CF2C82775}.Debug|Any CPU.Build.0 = Debug|Any CPU
		{0B16CB8B-97C7-4E63-A733-605CF2C82775}.Release|Any CPU.ActiveCfg = Release|Any CPU
		{0B16CB8B-97C7-4E63-A733-605CF2C82775}.Release|Any CPU.Build.0 = Release|Any CPU
	EndGlobalSection
	GlobalSection(SolutionProperties) = preSolution
		HideSolutionNode = FALSE
	EndGlobalSection
	GlobalSection(ExtensibilityGlobals) = postSolution
		SolutionGuid = {1C7B1C14-4A6E-4C2C-842F-2B8BA14785B2}
	EndGlobalSection
EndGlobal
